{
  "name": "examschedule",
  "version": "0.1.0",
  "lockfileVersion": 3,
  "requires": true,
  "packages": {
    "": {
      "name": "examschedule",
      "version": "0.1.0",
      "license": "MIT",
      "dependencies": {
        "deno": "^2.6.5"
      }
    },
    "node_modules/@deno/darwin-arm64": {
      "version": "2.6.5",
      "resolved": "https://registry.npmjs.org/@deno/darwin-arm64/-/darwin-arm64-2.6.5.tgz",
      "integrity": "sha512-jHO9d9XsB2YzVUsJr7U9DEj7QEw69yMYbyaLbK1bpHJ6IjYRJFU/Wi7I1b9jSXurezQQulKf75+9QbU27XkL2g==",
      "cpu": [
        "arm64"
      ],
      "license": "MIT",
      "optional": true,
      "os": [
        "darwin"
      ]
    },
    "node_modules/@deno/darwin-x64": {
      "version": "2.6.5",
      "resolved": "https://registry.npmjs.org/@deno/darwin-x64/-/darwin-x64-2.6.5.tgz",
      "integrity": "sha512-piyZbW02p4zlviz14UVvoUGhh2mu0OYQBBahdLIbnHaPC14Rj+fHu0vgG8+PTJNCIRkxA1zrm5/GBbjqU3GeZQ==",
      "cpu": [
        "x64"
      ],
      "license": "MIT",
      "optional": true,
      "os": [
        "darwin"
      ]
    },
    "node_modules/@deno/linux-arm64-glibc": {
      "version": "2.6.5",
      "resolved": "https://registry.npmjs.org/@deno/linux-arm64-glibc/-/linux-arm64-glibc-2.6.5.tgz",
      "integrity": "sha512-9VjtjIepMgSc6aHNOvjHAlHkG/Lmatoeb6k5vpCtVLpwJWJcteIrNX+Rc2u7HcfJctfPs6HwDYsCGI/jnwwzGw==",
      "cpu": [
        "arm64"
      ],
      "license": "MIT",
      "optional": true,
      "os": [
        "linux"
      ]
    },
    "node_modules/@deno/linux-x64-glibc": {
      "version": "2.6.5",
      "resolved": "https://registry.npmjs.org/@deno/linux-x64-glibc/-/linux-x64-glibc-2.6.5.tgz",
      "integrity": "sha512-TZV2Ez3T1qaA7snLKvevwq2LyTGI+1lCQrULZgrytmcaa0Q/9aErA3c135CSscv5LDKSWUXtBCWOHHI6rGm9MA==",
      "cpu": [
        "x64"
      ],
      "license": "MIT",
      "optional": true,
      "os": [
        "linux"
      ]
    },
    "node_modules/@deno/win32-arm64": {
      "version": "2.6.5",
      "resolved": "https://registry.npmjs.org/@deno/win32-arm64/-/win32-arm64-2.6.5.tgz",
      "integrity": "sha512-5zPTnSv0R72GwVxxP20cLN/K5VJd6mF5yaLd/4tnwpv4jExiiQWaoXrae/M8O16Ruz8R+AIpIJfs3oZ+2gwuzA==",
      "cpu": [
        "arm64"
      ],
      "license": "MIT",
      "optional": true,
      "os": [
        "win32"
      ]
    },
    "node_modules/@deno/win32-x64": {
      "version": "2.6.5",
      "resolved": "https://registry.npmjs.org/@deno/win32-x64/-/win32-x64-2.6.5.tgz",
      "integrity": "sha512-vSr5ZjBvv5n80Bwa9P0WVLpUNLqnDtXMFIuR7H4mdo5zXU9Ay8ggPQ83yPMjmgqRZOBJNXQDFUA3ZWW+UmMjYQ==",
      "cpu": [
        "x64"
      ],
      "license": "MIT",
      "optional": true,
      "os": [
        "win32"
      ]
    },
    "node_modules/deno": {
      "version": "2.6.5",
      "resolved": "https://registry.npmjs.org/deno/-/deno-2.6.5.tgz",
      "integrity": "sha512-zAEGhAKPyKTA7HwtSVPAmdpj+WQfvw0tPemgkaRsqGLe7oi85iqUPCoCEkItiYp3ZellfQIbDHqQmKUY6fgxig==",
      "hasInstallScript": true,
      "license": "MIT",
      "bin": {
        "deno": "bin.cjs"
      },
      "optionalDependencies": {
        "@deno/darwin-arm64": "2.6.5",
        "@deno/darwin-x64": "2.6.5",
        "@deno/linux-arm64-glibc": "2.6.5",
        "@deno/linux-x64-glibc": "2.6.5",
        "@deno/win32-arm64": "2.6.5",
        "@deno/win32-x64": "2.6.5"
      }
    }
  }
}
